
Microsoft Visual Studio Solution File, Format Version 12.00
# Visual Studio 15
VisualStudioVersion = 15.0.27130.2024
MinimumVisualStudioVersion = 10.0.40219.1
Project("{FAE04EC0-301F-11D3-BF4B-00C04F79EFBC}") = "Makronutrienti", "Makronutrienti\Makronutrienti.csproj", "{49F050EE-7399-492C-8E7A-E5F4885C4297}"
EndProject
Global
	GlobalSection(SolutionConfigurationPlatforms) = preSolution
		Debug|Any CPU = Debug|Any CPU
		Release|Any CPU = Release|Any CPU
	EndGlobalSection
	GlobalSection(ProjectConfigurationPlatforms) = postSolution
		{49F050EE-7399-492C-8E7A-E5F4885C4297}.Debug|Any CPU.ActiveCfg = Debug|Any CPU
		{49F050EE-7399-492C-8E7A-E5F4885C4297}.Debug|Any CPU.Build.0 = Debug|Any CPU
		{49F050EE-7399-492C-8E7A-E5F4885C4297}.Release|Any CPU.ActiveCfg = Release|Any CPU
		{49F050EE-7399-492C-8E7A-E5F4885C4297}.Release|Any CPU.Build.0 = Release|Any CPU
	EndGlobalSection
	GlobalSection(SolutionProperties) = preSolution
		HideSolutionNode = FALSE
	EndGlobalSection
	GlobalSection(ExtensibilityGlobals) = postSolution
		SolutionGuid = {4D8DB042-3D5B-4384-BDBE-12D27B38B480}
	EndGlobalSection
EndGlobal
